// !$*UTF8*$!
{
	archiveVersion = 1;
	classes = {
	};
	objectVersion = 56;
	objects = {

/* Begin PBXBuildFile section */
		7FDD74332B2EA7B000F0C50D /* AppDelegate.swift in Sources */ = {isa = PBXBuildFile; fileRef = 7FDD74322B2EA7B000F0C50D /* AppDelegate.swift */; };
		7FDD74352B2EA7B000F0C50D /* SceneDelegate.swift in Sources */ = {isa = PBXBuildFile; fileRef = 7FDD74342B2EA7B000F0C50D /* SceneDelegate.swift */; };
		7FDD743C2B2EA7B100F0C50D /* Assets.xcassets in Resources */ = {isa = PBXBuildFile; fileRef = 7FDD743B2B2EA7B100F0C50D /* Assets.xcassets */; };
		7FDD743F2B2EA7B100F0C50D /* LaunchScreen.storyboard in Resources */ = {isa = PBXBuildFile; fileRef = 7FDD743D2B2EA7B100F0C50D /* LaunchScreen.storyboard */; };
		7FDD744A2B2EA7B100F0C50D /* food_assessment_front_iOSTests.swift in Sources */ = {isa = PBXBuildFile; fileRef = 7FDD74492B2EA7B100F0C50D /* food_assessment_front_iOSTests.swift */; };
		7FDD74672B2EAA4100F0C50D /* HomeViewController.swift in Sources */ = {isa = PBXBuildFile; fileRef = 7FDD74662B2EAA4100F0C50D /* HomeViewController.swift */; };
		7FDD74692B2EAA5600F0C50D /* Categories.swift in Sources */ = {isa = PBXBuildFile; fileRef = 7FDD74682B2EAA5600F0C50D /* Categories.swift */; };
		7FDD746C2B2EAB2700F0C50D /* ApiCaller.swift in Sources */ = {isa = PBXBuildFile; fileRef = 7FDD746B2B2EAB2700F0C50D /* ApiCaller.swift */; };
		7FDD746E2B2EAC6500F0C50D /* HomeViewModel.swift in Sources */ = {isa = PBXBuildFile; fileRef = 7FDD746D2B2EAC6500F0C50D /* HomeViewModel.swift */; };
		7FDD74712B2EB09600F0C50D /* CategoryCollectionViewCell.swift in Sources */ = {isa = PBXBuildFile; fileRef = 7FDD74702B2EB09600F0C50D /* CategoryCollectionViewCell.swift */; };
		7FDD74732B2EB0BA00F0C50D /* ContentCollectionViewHeader.swift in Sources */ = {isa = PBXBuildFile; fileRef = 7FDD74722B2EB0BA00F0C50D /* ContentCollectionViewHeader.swift */; };
/* End PBXBuildFile section */

/* Begin PBXContainerItemProxy section */
		7FDD74462B2EA7B100F0C50D /* PBXContainerItemProxy */ = {
			isa = PBXContainerItemProxy;
			containerPortal = 7FDD74272B2EA7B000F0C50D /* Project object */;
			proxyType = 1;
			remoteGlobalIDString = 7FDD742E2B2EA7B000F0C50D;
			remoteInfo = "food-assessment-front-iOS";
		};
/* End PBXContainerItemProxy section */

/* Begin PBXFileReference section */
		7FDD742F2B2EA7B000F0C50D /* food-assessment-front-iOS.app */ = {isa = PBXFileReference; explicitFileType = wrapper.application; includeInIndex = 0; path = "food-assessment-front-iOS.app"; sourceTree = BUILT_PRODUCTS_DIR; };
		7FDD74322B2EA7B000F0C50D /* AppDelegate.swift */ = {isa = PBXFileReference; lastKnownFileType = sourcecode.swift; path = AppDelegate.swift; sourceTree = "<group>"; };
		7FDD74342B2EA7B000F0C50D /* SceneDelegate.swift */ = {isa = PBXFileReference; lastKnownFileType = sourcecode.swift; path = SceneDelegate.swift; sourceTree = "<group>"; };
		7FDD743B2B2EA7B100F0C50D /* Assets.xcassets */ = {isa = PBXFileReference; lastKnownFileType = folder.assetcatalog; path = Assets.xcassets; sourceTree = "<group>"; };
		7FDD743E2B2EA7B100F0C50D /* Base */ = {isa = PBXFileReference; lastKnownFileType = file.storyboard; name = Base; path = Base.lproj/LaunchScreen.storyboard; sourceTree = "<group>"; };
		7FDD74402B2EA7B100F0C50D /* Info.plist */ = {isa = PBXFileReference; lastKnownFileType = text.plist.xml; path = Info.plist; sourceTree = "<group>"; };
		7FDD74452B2EA7B100F0C50D /* food-assessment-front-iOSTests.xctest */ = {isa = PBXFileReference; explicitFileType = wrapper.cfbundle; includeInIndex = 0; path = "food-assessment-front-iOSTests.xctest"; sourceTree = BUILT_PRODUCTS_DIR; };
		7FDD74492B2EA7B100F0C50D /* food_assessment_front_iOSTests.swift */ = {isa = PBXFileReference; lastKnownFileType = sourcecode.swift; path = food_assessment_front_iOSTests.swift; sourceTree = "<group>"; };
		7FDD74662B2EAA4100F0C50D /* HomeViewController.swift */ = {isa = PBXFileReference; lastKnownFileType = sourcecode.swift; path = HomeViewController.swift; sourceTree = "<group>"; };
		7FDD74682B2EAA5600F0C50D /* Categories.swift */ = {isa = PBXFileReference; lastKnownFileType = sourcecode.swift; path = Categories.swift; sourceTree = "<group>"; };
		7FDD746B2B2EAB2700F0C50D /* ApiCaller.swift */ = {isa = PBXFileReference; lastKnownFileType = sourcecode.swift; path = ApiCaller.swift; sourceTree = "<group>"; };
		7FDD746D2B2EAC6500F0C50D /* HomeViewModel.swift */ = {isa = PBXFileReference; lastKnownFileType = sourcecode.swift; path = HomeViewModel.swift; sourceTree = "<group>"; };
		7FDD74702B2EB09600F0C50D /* CategoryCollectionViewCell.swift */ = {isa = PBXFileReference; lastKnownFileType = sourcecode.swift; path = CategoryCollectionViewCell.swift; sourceTree = "<group>"; };
		7FDD74722B2EB0BA00F0C50D /* ContentCollectionViewHeader.swift */ = {isa = PBXFileReference; lastKnownFileType = sourcecode.swift; path = ContentCollectionViewHeader.swift; sourceTree = "<group>"; };
/* End PBXFileReference section */

/* Begin PBXFrameworksBuildPhase section */
		7FDD742C2B2EA7B000F0C50D /* Frameworks */ = {
			isa = PBXFrameworksBuildPhase;
			buildActionMask = 2147483647;
			files = (
			);
			runOnlyForDeploymentPostprocessing = 0;
		};
		7FDD74422B2EA7B100F0C50D /* Frameworks */ = {
			isa = PBXFrameworksBuildPhase;
			buildActionMask = 2147483647;
			files = (
			);
			runOnlyForDeploymentPostprocessing = 0;
		};
/* End PBXFrameworksBuildPhase section */

/* Begin PBXGroup section */
		7FDD74262B2EA7B000F0C50D = {
			isa = PBXGroup;
			children = (
				7FDD74312B2EA7B000F0C50D /* food-assessment-front-iOS */,
				7FDD74482B2EA7B100F0C50D /* food-assessment-front-iOSTests */,
				7FDD74302B2EA7B000F0C50D /* Products */,
			);
			sourceTree = "<group>";
		};
		7FDD74302B2EA7B000F0C50D /* Products */ = {
			isa = PBXGroup;
			children = (
				7FDD742F2B2EA7B000F0C50D /* food-assessment-front-iOS.app */,
				7FDD74452B2EA7B100F0C50D /* food-assessment-front-iOSTests.xctest */,
			);
			name = Products;
			sourceTree = "<group>";
		};
		7FDD74312B2EA7B000F0C50D /* food-assessment-front-iOS */ = {
			isa = PBXGroup;
			children = (
				7FDD746A2B2EAAD200F0C50D /* Networking */,
				7FDD74622B2EA8C700F0C50D /* Home */,
				7FDD74322B2EA7B000F0C50D /* AppDelegate.swift */,
				7FDD74342B2EA7B000F0C50D /* SceneDelegate.swift */,
				7FDD743B2B2EA7B100F0C50D /* Assets.xcassets */,
				7FDD743D2B2EA7B100F0C50D /* LaunchScreen.storyboard */,
				7FDD74402B2EA7B100F0C50D /* Info.plist */,
			);
			path = "food-assessment-front-iOS";
			sourceTree = "<group>";
		};
		7FDD74482B2EA7B100F0C50D /* food-assessment-front-iOSTests */ = {
			isa = PBXGroup;
			children = (
				7FDD74492B2EA7B100F0C50D /* food_assessment_front_iOSTests.swift */,
			);
			path = "food-assessment-front-iOSTests";
			sourceTree = "<group>";
		};
		7FDD74622B2EA8C700F0C50D /* Home */ = {
			isa = PBXGroup;
			children = (
				7FDD74652B2EAA2C00F0C50D /* View */,
				7FDD74642B2EAA2600F0C50D /* ViewModel */,
				7FDD74632B2EAA2100F0C50D /* Model */,
			);
			path = Home;
			sourceTree = "<group>";
		};
		7FDD74632B2EAA2100F0C50D /* Model */ = {
			isa = PBXGroup;
			children = (
				7FDD74682B2EAA5600F0C50D /* Categories.swift */,
			);
			path = Model;
			sourceTree = "<group>";
		};
		7FDD74642B2EAA2600F0C50D /* ViewModel */ = {
			isa = PBXGroup;
			children = (
				7FDD746D2B2EAC6500F0C50D /* HomeViewModel.swift */,
			);
			path = ViewModel;
			sourceTree = "<group>";
		};
		7FDD74652B2EAA2C00F0C50D /* View */ = {
			isa = PBXGroup;
			children = (
				7FDD746F2B2EB06100F0C50D /* Cells */,
				7FDD74662B2EAA4100F0C50D /* HomeViewController.swift */,
			);
			path = View;
			sourceTree = "<group>";
		};
		7FDD746A2B2EAAD200F0C50D /* Networking */ = {
			isa = PBXGroup;
			children = (
				7FDD746B2B2EAB2700F0C50D /* ApiCaller.swift */,
			);
			path = Networking;
			sourceTree = "<group>";
		};
		7FDD746F2B2EB06100F0C50D /* Cells */ = {
			isa = PBXGroup;
			children = (
				7FDD74702B2EB09600F0C50D /* CategoryCollectionViewCell.swift */,
				7FDD74722B2EB0BA00F0C50D /* ContentCollectionViewHeader.swift */,
			);
			path = Cells;
			sourceTree = "<group>";
		};
/* End PBXGroup section */

/* Begin PBXNativeTarget section */
		7FDD742E2B2EA7B000F0C50D /* food-assessment-front-iOS */ = {
			isa = PBXNativeTarget;
			buildConfigurationList = 7FDD74592B2EA7B100F0C50D /* Build configuration list for PBXNativeTarget "food-assessment-front-iOS" */;
			buildPhases = (
				7FDD742B2B2EA7B000F0C50D /* Sources */,
				7FDD742C2B2EA7B000F0C50D /* Frameworks */,
				7FDD742D2B2EA7B000F0C50D /* Resources */,
			);
			buildRules = (
			);
			dependencies = (
			);
			name = "food-assessment-front-iOS";
			productName = "food-assessment-front-iOS";
			productReference = 7FDD742F2B2EA7B000F0C50D /* food-assessment-front-iOS.app */;
			productType = "com.apple.product-type.application";
		};
		7FDD74442B2EA7B100F0C50D /* food-assessment-front-iOSTests */ = {
			isa = PBXNativeTarget;
			buildConfigurationList = 7FDD745C2B2EA7B100F0C50D /* Build configuration list for PBXNativeTarget "food-assessment-front-iOSTests" */;
			buildPhases = (
				7FDD74412B2EA7B100F0C50D /* Sources */,
				7FDD74422B2EA7B100F0C50D /* Frameworks */,
				7FDD74432B2EA7B100F0C50D /* Resources */,
			);
			buildRules = (
			);
			dependencies = (
				7FDD74472B2EA7B100F0C50D /* PBXTargetDependency */,
			);
			name = "food-assessment-front-iOSTests";
			productName = "food-assessment-front-iOSTests";
			productReference = 7FDD74452B2EA7B100F0C50D /* food-assessment-front-iOSTests.xctest */;
			productType = "com.apple.product-type.bundle.unit-test";
		};
/* End PBXNativeTarget section */

/* Begin PBXProject section */
		7FDD74272B2EA7B000F0C50D /* Project object */ = {
			isa = PBXProject;
			attributes = {
				BuildIndependentTargetsInParallel = 1;
				LastSwiftUpdateCheck = 1420;
				LastUpgradeCheck = 1420;
				TargetAttributes = {
					7FDD742E2B2EA7B000F0C50D = {
						CreatedOnToolsVersion = 14.2;
					};
					7FDD74442B2EA7B100F0C50D = {
						CreatedOnToolsVersion = 14.2;
						TestTargetID = 7FDD742E2B2EA7B000F0C50D;
					};
				};
			};
			buildConfigurationList = 7FDD742A2B2EA7B000F0C50D /* Build configuration list for PBXProject "food-assessment-front-iOS" */;
			compatibilityVersion = "Xcode 14.0";
			developmentRegion = en;
			hasScannedForEncodings = 0;
			knownRegions = (
				en,
				Base,
			);
			mainGroup = 7FDD74262B2EA7B000F0C50D;
			productRefGroup = 7FDD74302B2EA7B000F0C50D /* Products */;
			projectDirPath = "";
			projectRoot = "";
			targets = (
				7FDD742E2B2EA7B000F0C50D /* food-assessment-front-iOS */,
				7FDD74442B2EA7B100F0C50D /* food-assessment-front-iOSTests */,
			);
		};
/* End PBXProject section */

/* Begin PBXResourcesBuildPhase section */
		7FDD742D2B2EA7B000F0C50D /* Resources */ = {
			isa = PBXResourcesBuildPhase;
			buildActionMask = 2147483647;
			files = (
				7FDD743F2B2EA7B100F0C50D /* LaunchScreen.storyboard in Resources */,
				7FDD743C2B2EA7B100F0C50D /* Assets.xcassets in Resources */,
			);
			runOnlyForDeploymentPostprocessing = 0;
		};
		7FDD74432B2EA7B100F0C50D /* Resources */ = {
			isa = PBXResourcesBuildPhase;
			buildActionMask = 2147483647;
			files = (
			);
			runOnlyForDeploymentPostprocessing = 0;
		};
/* End PBXResourcesBuildPhase section */

/* Begin PBXSourcesBuildPhase section */
		7FDD742B2B2EA7B000F0C50D /* Sources */ = {
			isa = PBXSourcesBuildPhase;
			buildActionMask = 2147483647;
			files = (
				7FDD74332B2EA7B000F0C50D /* AppDelegate.swift in Sources */,
				7FDD746E2B2EAC6500F0C50D /* HomeViewModel.swift in Sources */,
				7FDD74692B2EAA5600F0C50D /* Categories.swift in Sources */,
				7FDD74352B2EA7B000F0C50D /* SceneDelegate.swift in Sources */,
				7FDD74672B2EAA4100F0C50D /* HomeViewController.swift in Sources */,
				7FDD74732B2EB0BA00F0C50D /* ContentCollectionViewHeader.swift in Sources */,
				7FDD74712B2EB09600F0C50D /* CategoryCollectionViewCell.swift in Sources */,
				7FDD746C2B2EAB2700F0C50D /* ApiCaller.swift in Sources */,
			);
			runOnlyForDeploymentPostprocessing = 0;
		};
		7FDD74412B2EA7B100F0C50D /* Sources */ = {
			isa = PBXSourcesBuildPhase;
			buildActionMask = 2147483647;
			files = (
				7FDD744A2B2EA7B100F0C50D /* food_assessment_front_iOSTests.swift in Sources */,
			);
			runOnlyForDeploymentPostprocessing = 0;
		};
/* End PBXSourcesBuildPhase section */

/* Begin PBXTargetDependency section */
		7FDD74472B2EA7B100F0C50D /* PBXTargetDependency */ = {
			isa = PBXTargetDependency;
			target = 7FDD742E2B2EA7B000F0C50D /* food-assessment-front-iOS */;
			targetProxy = 7FDD74462B2EA7B100F0C50D /* PBXContainerItemProxy */;
		};
/* End PBXTargetDependency section */

/* Begin PBXVariantGroup section */
		7FDD743D2B2EA7B100F0C50D /* LaunchScreen.storyboard */ = {
			isa = PBXVariantGroup;
			children = (
				7FDD743E2B2EA7B100F0C50D /* Base */,
			);
			name = LaunchScreen.storyboard;
			sourceTree = "<group>";
		};
/* End PBXVariantGroup section */

/* Begin XCBuildConfiguration section */
		7FDD74572B2EA7B100F0C50D /* Debug */ = {
			isa = XCBuildConfiguration;
			buildSettings = {
				ALWAYS_SEARCH_USER_PATHS = NO;
				CLANG_ANALYZER_NONNULL = YES;
				CLANG_ANALYZER_NUMBER_OBJECT_CONVERSION = YES_AGGRESSIVE;
				CLANG_CXX_LANGUAGE_STANDARD = "gnu++20";
				CLANG_ENABLE_MODULES = YES;
				CLANG_ENABLE_OBJC_ARC = YES;
				CLANG_ENABLE_OBJC_WEAK = YES;
				CLANG_WARN_BLOCK_CAPTURE_AUTORELEASING = YES;
				CLANG_WARN_BOOL_CONVERSION = YES;
				CLANG_WARN_COMMA = YES;
				CLANG_WARN_CONSTANT_CONVERSION = YES;
				CLANG_WARN_DEPRECATED_OBJC_IMPLEMENTATIONS = YES;
				CLANG_WARN_DIRECT_OBJC_ISA_USAGE = YES_ERROR;
				CLANG_WARN_DOCUMENTATION_COMMENTS = YES;
				CLANG_WARN_EMPTY_BODY = YES;
				CLANG_WARN_ENUM_CONVERSION = YES;
				CLANG_WARN_INFINITE_RECURSION = YES;
				CLANG_WARN_INT_CONVERSION = YES;
				CLANG_WARN_NON_LITERAL_NULL_CONVERSION = YES;
				CLANG_WARN_OBJC_IMPLICIT_RETAIN_SELF = YES;
				CLANG_WARN_OBJC_LITERAL_CONVERSION = YES;
				CLANG_WARN_OBJC_ROOT_CLASS = YES_ERROR;
				CLANG_WARN_QUOTED_INCLUDE_IN_FRAMEWORK_HEADER = YES;
				CLANG_WARN_RANGE_LOOP_ANALYSIS = YES;
				CLANG_WARN_STRICT_PROTOTYPES = YES;
				CLANG_WARN_SUSPICIOUS_MOVE = YES;
				CLANG_WARN_UNGUARDED_AVAILABILITY = YES_AGGRESSIVE;
				CLANG_WARN_UNREACHABLE_CODE = YES;
				CLANG_WARN__DUPLICATE_METHOD_MATCH = YES;
				COPY_PHASE_STRIP = NO;
				DEBUG_INFORMATION_FORMAT = dwarf;
				ENABLE_STRICT_OBJC_MSGSEND = YES;
				ENABLE_TESTABILITY = YES;
				GCC_C_LANGUAGE_STANDARD = gnu11;
				GCC_DYNAMIC_NO_PIC = NO;
				GCC_NO_COMMON_BLOCKS = YES;
				GCC_OPTIMIZATION_LEVEL = 0;
				GCC_PREPROCESSOR_DEFINITIONS = (
					"DEBUG=1",
					"$(inherited)",
				);
				GCC_WARN_64_TO_32_BIT_CONVERSION = YES;
				GCC_WARN_ABOUT_RETURN_TYPE = YES_ERROR;
				GCC_WARN_UNDECLARED_SELECTOR = YES;
				GCC_WARN_UNINITIALIZED_AUTOS = YES_AGGRESSIVE;
				GCC_WARN_UNUSED_FUNCTION = YES;
				GCC_WARN_UNUSED_VARIABLE = YES;
				IPHONEOS_DEPLOYMENT_TARGET = 16.2;
				MTL_ENABLE_DEBUG_INFO = INCLUDE_SOURCE;
				MTL_FAST_MATH = YES;
				ONLY_ACTIVE_ARCH = YES;
				SDKROOT = iphoneos;
				SWIFT_ACTIVE_COMPILATION_CONDITIONS = DEBUG;
				SWIFT_OPTIMIZATION_LEVEL = "-Onone";
			};
			name = Debug;
		};
		7FDD74582B2EA7B100F0C50D /* Release */ = {
			isa = XCBuildConfiguration;
			buildSettings = {
				ALWAYS_SEARCH_USER_PATHS = NO;
				CLANG_ANALYZER_NONNULL = YES;
				CLANG_ANALYZER_NUMBER_OBJECT_CONVERSION = YES_AGGRESSIVE;
				CLANG_CXX_LANGUAGE_STANDARD = "gnu++20";
				CLANG_ENABLE_MODULES = YES;
				CLANG_ENABLE_OBJC_ARC = YES;
				CLANG_ENABLE_OBJC_WEAK = YES;
				CLANG_WARN_BLOCK_CAPTURE_AUTORELEASING = YES;
				CLANG_WARN_BOOL_CONVERSION = YES;
				CLANG_WARN_COMMA = YES;
				CLANG_WARN_CONSTANT_CONVERSION = YES;
				CLANG_WARN_DEPRECATED_OBJC_IMPLEMENTATIONS = YES;
				CLANG_WARN_DIRECT_OBJC_ISA_USAGE = YES_ERROR;
				CLANG_WARN_DOCUMENTATION_COMMENTS = YES;
				CLANG_WARN_EMPTY_BODY = YES;
				CLANG_WARN_ENUM_CONVERSION = YES;
				CLANG_WARN_INFINITE_RECURSION = YES;
				CLANG_WARN_INT_CONVERSION = YES;
				CLANG_WARN_NON_LITERAL_NULL_CONVERSION = YES;
				CLANG_WARN_OBJC_IMPLICIT_RETAIN_SELF = YES;
				CLANG_WARN_OBJC_LITERAL_CONVERSION = YES;
				CLANG_WARN_OBJC_ROOT_CLASS = YES_ERROR;
				CLANG_WARN_QUOTED_INCLUDE_IN_FRAMEWORK_HEADER = YES;
				CLANG_WARN_RANGE_LOOP_ANALYSIS = YES;
				CLANG_WARN_STRICT_PROTOTYPES = YES;
				CLANG_WARN_SUSPICIOUS_MOVE = YES;
				CLANG_WARN_UNGUARDED_AVAILABILITY = YES_AGGRESSIVE;
				CLANG_WARN_UNREACHABLE_CODE = YES;
				CLANG_WARN__DUPLICATE_METHOD_MATCH = YES;
				COPY_PHASE_STRIP = NO;
				DEBUG_INFORMATION_FORMAT = "dwarf-with-dsym";
				ENABLE_NS_ASSERTIONS = NO;
				ENABLE_STRICT_OBJC_MSGSEND = YES;
				GCC_C_LANGUAGE_STANDARD = gnu11;
				GCC_NO_COMMON_BLOCKS = YES;
				GCC_WARN_64_TO_32_BIT_CONVERSION = YES;
				GCC_WARN_ABOUT_RETURN_TYPE = YES_ERROR;
				GCC_WARN_UNDECLARED_SELECTOR = YES;
				GCC_WARN_UNINITIALIZED_AUTOS = YES_AGGRESSIVE;
				GCC_WARN_UNUSED_FUNCTION = YES;
				GCC_WARN_UNUSED_VARIABLE = YES;
				IPHONEOS_DEPLOYMENT_TARGET = 16.2;
				MTL_ENABLE_DEBUG_INFO = NO;
				MTL_FAST_MATH = YES;
				SDKROOT = iphoneos;
				SWIFT_COMPILATION_MODE = wholemodule;
				SWIFT_OPTIMIZATION_LEVEL = "-O";
				VALIDATE_PRODUCT = YES;
			};
			name = Release;
		};
		7FDD745A2B2EA7B100F0C50D /* Debug */ = {
			isa = XCBuildConfiguration;
			buildSettings = {
				ASSETCATALOG_COMPILER_APPICON_NAME = AppIcon;
				ASSETCATALOG_COMPILER_GLOBAL_ACCENT_COLOR_NAME = AccentColor;
				CODE_SIGN_STYLE = Automatic;
				CURRENT_PROJECT_VERSION = 1;
				DEVELOPMENT_TEAM = DF9W64C86F;
				GENERATE_INFOPLIST_FILE = YES;
				INFOPLIST_FILE = "food-assessment-front-iOS/Info.plist";
				INFOPLIST_KEY_UIApplicationSupportsIndirectInputEvents = YES;
				INFOPLIST_KEY_UILaunchStoryboardName = LaunchScreen;
				INFOPLIST_KEY_UISupportedInterfaceOrientations = UIInterfaceOrientationPortrait;
				INFOPLIST_KEY_UISupportedInterfaceOrientations_iPad = "UIInterfaceOrientationPortrait UIInterfaceOrientationPortraitUpsideDown";
				LD_RUNPATH_SEARCH_PATHS = (
					"$(inherited)",
					"@executable_path/Frameworks",
				);
				MARKETING_VERSION = 1.0;
				PRODUCT_BUNDLE_IDENTIFIER = "com.bodoque.food-assessment-front-iOS";
				PRODUCT_NAME = "$(TARGET_NAME)";
				SWIFT_EMIT_LOC_STRINGS = YES;
				SWIFT_VERSION = 5.0;
				TARGETED_DEVICE_FAMILY = "1,2";
			};
			name = Debug;
		};
		7FDD745B2B2EA7B100F0C50D /* Release */ = {
			isa = XCBuildConfiguration;
			buildSettings = {
				ASSETCATALOG_COMPILER_APPICON_NAME = AppIcon;
				ASSETCATALOG_COMPILER_GLOBAL_ACCENT_COLOR_NAME = AccentColor;
				CODE_SIGN_STYLE = Automatic;
				CURRENT_PROJECT_VERSION = 1;
				DEVELOPMENT_TEAM = DF9W64C86F;
				GENERATE_INFOPLIST_FILE = YES;
				INFOPLIST_FILE = "food-assessment-front-iOS/Info.plist";
				INFOPLIST_KEY_UIApplicationSupportsIndirectInputEvents = YES;
				INFOPLIST_KEY_UILaunchStoryboardName = LaunchScreen;
				INFOPLIST_KEY_UISupportedInterfaceOrientations = UIInterfaceOrientationPortrait;
				INFOPLIST_KEY_UISupportedInterfaceOrientations_iPad = "UIInterfaceOrientationPortrait UIInterfaceOrientationPortraitUpsideDown";
				LD_RUNPATH_SEARCH_PATHS = (
					"$(inherited)",
					"@executable_path/Frameworks",
				);
				MARKETING_VERSION = 1.0;
				PRODUCT_BUNDLE_IDENTIFIER = "com.bodoque.food-assessment-front-iOS";
				PRODUCT_NAME = "$(TARGET_NAME)";
				SWIFT_EMIT_LOC_STRINGS = YES;
				SWIFT_VERSION = 5.0;
				TARGETED_DEVICE_FAMILY = "1,2";
			};
			name = Release;
		};
		7FDD745D2B2EA7B100F0C50D /* Debug */ = {
			isa = XCBuildConfiguration;
			buildSettings = {
				ALWAYS_EMBED_SWIFT_STANDARD_LIBRARIES = YES;
				BUNDLE_LOADER = "$(TEST_HOST)";
				CODE_SIGN_STYLE = Automatic;
				CURRENT_PROJECT_VERSION = 1;
				DEVELOPMENT_TEAM = DF9W64C86F;
				GENERATE_INFOPLIST_FILE = YES;
				IPHONEOS_DEPLOYMENT_TARGET = 16.2;
				MARKETING_VERSION = 1.0;
				PRODUCT_BUNDLE_IDENTIFIER = "com.bodoque.food-assessment-front-iOSTests";
				PRODUCT_NAME = "$(TARGET_NAME)";
				SWIFT_EMIT_LOC_STRINGS = NO;
				SWIFT_VERSION = 5.0;
				TARGETED_DEVICE_FAMILY = "1,2";
				TEST_HOST = "$(BUILT_PRODUCTS_DIR)/food-assessment-front-iOS.app/$(BUNDLE_EXECUTABLE_FOLDER_PATH)/food-assessment-front-iOS";
			};
			name = Debug;
		};
		7FDD745E2B2EA7B100F0C50D /* Release */ = {
			isa = XCBuildConfiguration;
			buildSettings = {
				ALWAYS_EMBED_SWIFT_STANDARD_LIBRARIES = YES;
				BUNDLE_LOADER = "$(TEST_HOST)";
				CODE_SIGN_STYLE = Automatic;
				CURRENT_PROJECT_VERSION = 1;
				DEVELOPMENT_TEAM = DF9W64C86F;
				GENERATE_INFOPLIST_FILE = YES;
				IPHONEOS_DEPLOYMENT_TARGET = 16.2;
				MARKETING_VERSION = 1.0;
				PRODUCT_BUNDLE_IDENTIFIER = "com.bodoque.food-assessment-front-iOSTests";
				PRODUCT_NAME = "$(TARGET_NAME)";
				SWIFT_EMIT_LOC_STRINGS = NO;
				SWIFT_VERSION = 5.0;
				TARGETED_DEVICE_FAMILY = "1,2";
				TEST_HOST = "$(BUILT_PRODUCTS_DIR)/food-assessment-front-iOS.app/$(BUNDLE_EXECUTABLE_FOLDER_PATH)/food-assessment-front-iOS";
			};
			name = Release;
		};
/* End XCBuildConfiguration section */

/* Begin XCConfigurationList section */
		7FDD742A2B2EA7B000F0C50D /* Build configuration list for PBXProject "food-assessment-front-iOS" */ = {
			isa = XCConfigurationList;
			buildConfigurations = (
				7FDD74572B2EA7B100F0C50D /* Debug */,
				7FDD74582B2EA7B100F0C50D /* Release */,
			);
			defaultConfigurationIsVisible = 0;
			defaultConfigurationName = Release;
		};
		7FDD74592B2EA7B100F0C50D /* Build configuration list for PBXNativeTarget "food-assessment-front-iOS" */ = {
			isa = XCConfigurationList;
			buildConfigurations = (
				7FDD745A2B2EA7B100F0C50D /* Debug */,
				7FDD745B2B2EA7B100F0C50D /* Release */,
			);
			defaultConfigurationIsVisible = 0;
			defaultConfigurationName = Release;
		};
		7FDD745C2B2EA7B100F0C50D /* Build configuration list for PBXNativeTarget "food-assessment-front-iOSTests" */ = {
			isa = XCConfigurationList;
			buildConfigurations = (
				7FDD745D2B2EA7B100F0C50D /* Debug */,
				7FDD745E2B2EA7B100F0C50D /* Release */,
			);
			defaultConfigurationIsVisible = 0;
			defaultConfigurationName = Release;
		};
/* End XCConfigurationList section */
	};
	rootObject = 7FDD74272B2EA7B000F0C50D /* Project object */;
}
